
Microsoft Visual Studio Solution File, Format Version 12.00
# Visual Studio 15
VisualStudioVersion = 15.0.28307.1300
MinimumVisualStudioVersion = 10.0.40219.1
Project("{8BC9CEB8-8B4A-11D0-8D11-00A0C91BC942}") = "libtorch_mnist", "libtorch_mnist\libtorch_mnist.vcxproj", "{A72371E7-C8F9-4421-BBA5-4CCAA591A7AC}"
EndProject
Project("{8BC9CEB8-8B4A-11D0-8D11-00A0C91BC942}") = "libtorch_cifar", "libtorch_cifar\libtorch_cifar.vcxproj", "{8747C669-2986-4289-B67C-465CCB83253C}"
EndProject
Global
	GlobalSection(SolutionConfigurationPlatforms) = preSolution
		Debug|x64 = Debug|x64
		Debug|x86 = Debug|x86
		Release|x64 = Release|x64
		Release|x86 = Release|x86
	EndGlobalSection
	GlobalSection(ProjectConfigurationPlatforms) = postSolution
		{A72371E7-C8F9-4421-BBA5-4CCAA591A7AC}.Debug|x64.ActiveCfg = Debug|x64
		{A72371E7-C8F9-4421-BBA5-4CCAA591A7AC}.Debug|x64.Build.0 = Debug|x64
		{A72371E7-C8F9-4421-BBA5-4CCAA591A7AC}.Debug|x86.ActiveCfg = Debug|Win32
		{A72371E7-C8F9-4421-BBA5-4CCAA591A7AC}.Debug|x86.Build.0 = Debug|Win32
		{A72371E7-C8F9-4421-BBA5-4CCAA591A7AC}.Release|x64.ActiveCfg = Release|x64
		{A72371E7-C8F9-4421-BBA5-4CCAA591A7AC}.Release|x64.Build.0 = Release|x64
		{A72371E7-C8F9-4421-BBA5-4CCAA591A7AC}.Release|x86.ActiveCfg = Release|Win32
		{A72371E7-C8F9-4421-BBA5-4CCAA591A7AC}.Release|x86.Build.0 = Release|Win32
		{8747C669-2986-4289-B67C-465CCB83253C}.Debug|x64.ActiveCfg = Debug|x64
		{8747C669-2986-4289-B67C-465CCB83253C}.Debug|x64.Build.0 = Debug|x64
		{8747C669-2986-4289-B67C-465CCB83253C}.Debug|x86.ActiveCfg = Debug|Win32
		{8747C669-2986-4289-B67C-465CCB83253C}.Debug|x86.Build.0 = Debug|Win32
		{8747C669-2986-4289-B67C-465CCB83253C}.Release|x64.ActiveCfg = Release|x64
		{8747C669-2986-4289-B67C-465CCB83253C}.Release|x64.Build.0 = Release|x64
		{8747C669-2986-4289-B67C-465CCB83253C}.Release|x86.ActiveCfg = Release|Win32
		{8747C669-2986-4289-B67C-465CCB83253C}.Release|x86.Build.0 = Release|Win32
	EndGlobalSection
	GlobalSection(SolutionProperties) = preSolution
		HideSolutionNode = FALSE
	EndGlobalSection
	GlobalSection(ExtensibilityGlobals) = postSolution
		SolutionGuid = {A6222F9F-BC86-4EB4-A92F-1DE838068628}
	EndGlobalSection
EndGlobal
